lockfileVersion: '6.0'

settings:
  autoInstallPeers: true
  excludeLinksFromLockfile: false

devDependencies:
  '@biomejs/biome':
    specifier: 1.5.1
    version: 1.5.1
  '@type-challenges/utils':
    specifier: 0.1.1
    version: 0.1.1
  '@types/node':
    specifier: 20.11.0
    version: 20.11.0
  publint:
    specifier: 0.2.7
    version: 0.2.7
  typescript:
    specifier: 5.3.3
    version: 5.3.3

packages:

  /@biomejs/biome@1.5.1:
    resolution: {integrity: sha512-rdMA/N1Zc1nxUtbXMVr+50Sg/Pezz+9qGQa2uyRWFtrCoyr3dv0pVz+0ifGGue18ip50ZH8x2r5CV7zo8Q/0mA==}
    engines: {node: '>=14.*'}
    hasBin: true
    requiresBuild: true
    optionalDependencies:
      '@biomejs/cli-darwin-arm64': 1.5.1
      '@biomejs/cli-darwin-x64': 1.5.1
      '@biomejs/cli-linux-arm64': 1.5.1
      '@biomejs/cli-linux-arm64-musl': 1.5.1
      '@biomejs/cli-linux-x64': 1.5.1
      '@biomejs/cli-linux-x64-musl': 1.5.1
      '@biomejs/cli-win32-arm64': 1.5.1
      '@biomejs/cli-win32-x64': 1.5.1
    dev: true

  /@biomejs/cli-darwin-arm64@1.5.1:
    resolution: {integrity: sha512-E9pLakmSVHP6UH2uqAghqEkr/IHAIDfDyCedqJVnyFc+uufNTHwB8id4XTiWy/eKIdgxHZsTSE+R+W0IqrTNVQ==}
    engines: {node: '>=14.*'}
    cpu: [arm64]
    os: [darwin]
    requiresBuild: true
    dev: true
    optional: true

  /@biomejs/cli-darwin-x64@1.5.1:
    resolution: {integrity: sha512-8O1F+FcoCi02JlocyilB6R3y3kT9sRkBCRwYddaBIScQe2hCme/mA2rVzrhCCHhskrclJ51GEKjkEORj4/8c2A==}
    engines: {node: '>=14.*'}
    cpu: [x64]
    os: [darwin]
    requiresBuild: true
    dev: true
    optional: true

  /@biomejs/cli-linux-arm64-musl@1.5.1:
    resolution: {integrity: sha512-Lw9G3LUdhRMp8L8RMeVevnfQCa7luT6ubQ8GRjLju32glxWKefpDrzgfHixGyvTQPlhnYjQ+V8/QQ/I7WPzOoA==}
    engines: {node: '>=14.*'}
    cpu: [arm64]
    os: [linux]
    requiresBuild: true
    dev: true
    optional: true

  /@biomejs/cli-linux-arm64@1.5.1:
    resolution: {integrity: sha512-25gwY4FMzmi1Rl6N835raLq7nzTk+PyEQd88k9Em6dqtI4qpljqmZlMmVjOiwXKe3Ee80J/Vlh7BM36lsHUTEg==}
    engines: {node: '>=14.*'}
    cpu: [arm64]
    os: [linux]
    requiresBuild: true
    dev: true
    optional: true

  /@biomejs/cli-linux-x64-musl@1.5.1:
    resolution: {integrity: sha512-5gapxc/VlwTgGRbTc9h8PMTpf8eNahIBauFUGSXncHgayi3VpezKSicgaQ1bb8FahVXf/5eNEVxVARq/or71Ag==}
    engines: {node: '>=14.*'}
    cpu: [x64]
    os: [linux]
    requiresBuild: true
    dev: true
    optional: true

  /@biomejs/cli-linux-x64@1.5.1:
    resolution: {integrity: sha512-YDM0gZP4UbAuaBI3DVbUuj5X+Omm6uxzD1Qpc6hcduH1kzXzs9L0ee7cn/kJtNndoXR8MlmUS0O0/wWvZf2YaA==}
    engines: {node: '>=14.*'}
    cpu: [x64]
    os: [linux]
    requiresBuild: true
    dev: true
    optional: true

  /@biomejs/cli-win32-arm64@1.5.1:
    resolution: {integrity: sha512-TVpLBOLUMLQmH2VRFBKFr3rgEkr7XvG4QZxHOxWB9Ivc/sQPvg4aHMd8qpgPKXABGUnultyc9t0+WvfIDxuALg==}
    engines: {node: '>=14.*'}
    cpu: [arm64]
    os: [win32]
    requiresBuild: true
    dev: true
    optional: true

  /@biomejs/cli-win32-x64@1.5.1:
    resolution: {integrity: sha512-qx8EKwScZmVYZjMPZ6GF3ZUmgg/N6zqh+d8vHA2E43opNCyqIPTl89sOqkc7zd1CyyABDWxsbqI9Ih6xTT6hnQ==}
    engines: {node: '>=14.*'}
    cpu: [x64]
    os: [win32]
    requiresBuild: true
    dev: true
    optional: true

  /@type-challenges/utils@0.1.1:
    resolution: {integrity: sha512-A7ljYfBM+FLw+NDyuYvGBJiCEV9c0lPWEAdzfOAkb3JFqfLl0Iv/WhWMMARHiRKlmmiD1g8gz/507yVvHdQUYA==}
    dev: true

  /@types/node@20.11.0:
    resolution: {integrity: sha512-o9bjXmDNcF7GbM4CNQpmi+TutCgap/K3w1JyKgxAjqx41zp9qlIAVFi0IhCNsJcXolEqLWhbFbEeL0PvYm4pcQ==}
    dependencies:
      undici-types: 5.26.5
    dev: true

  /balanced-match@1.0.2:
    resolution: {integrity: sha512-3oSeUO0TMV67hN1AmbXsK4yaqU7tjiHlbxRDZOpH0KW9+CeX4bRAaX0Anxt0tx2MrpRpWwQaPwIlISEJhYU5Pw==}
    dev: true

  /brace-expansion@2.0.1:
    resolution: {integrity: sha512-XnAIvQ8eM+kC6aULx6wuQiwVsnzsi9d3WxzV3FpWTGA19F621kwdbsAcFKXgKUHZWsy+mY6iL1sHTxWEFCytDA==}
    dependencies:
      balanced-match: 1.0.2
    dev: true

  /fs.realpath@1.0.0:
    resolution: {integrity: sha512-OO0pH2lK6a0hZnAdau5ItzHPI6pUlvI7jMVnxUQRtw4owF2wk8lOSabtGDCTP4Ggrg2MbGnWO9X8K1t4+fGMDw==}
    dev: true

  /glob@8.1.0:
    resolution: {integrity: sha512-r8hpEjiQEYlF2QU0df3dS+nxxSIreXQS1qRhMJM0Q5NDdR386C7jb7Hwwod8Fgiuex+k0GFjgft18yvxm5XoCQ==}
    engines: {node: '>=12'}
    dependencies:
      fs.realpath: 1.0.0
      inflight: 1.0.6
      inherits: 2.0.4
      minimatch: 5.1.6
      once: 1.4.0
    dev: true

  /ignore-walk@5.0.1:
    resolution: {integrity: sha512-yemi4pMf51WKT7khInJqAvsIGzoqYXblnsz0ql8tM+yi1EKYTY1evX4NAbJrLL/Aanr2HyZeluqU+Oi7MGHokw==}
    engines: {node: ^12.13.0 || ^14.15.0 || >=16.0.0}
    dependencies:
      minimatch: 5.1.6
    dev: true

  /inflight@1.0.6:
    resolution: {integrity: sha512-k92I/b08q4wvFscXCLvqfsHCrjrF7yiXsQuIVvVE7N82W3+aqpzuUdBbfhWcy/FZR3/4IgflMgKLOsvPDrGCJA==}
    dependencies:
      once: 1.4.0
      wrappy: 1.0.2
    dev: true

  /inherits@2.0.4:
    resolution: {integrity: sha512-k/vGaX4/Yla3WzyMCvTQOXYeIHvqOKtnqBduzTHpzpQZzAskKMhZ2K+EnBiSM9zGSoIFeMpXKxa4dYeZIQqewQ==}
    dev: true

  /minimatch@5.1.6:
    resolution: {integrity: sha512-lKwV/1brpG6mBUFHtb7NUmtABCb2WZZmm2wNiOA5hAb8VdCS4B3dtMWyvcoViccwAW/COERjXLt0zP1zXUN26g==}
    engines: {node: '>=10'}
    dependencies:
      brace-expansion: 2.0.1
    dev: true

  /mri@1.2.0:
    resolution: {integrity: sha512-tzzskb3bG8LvYGFF/mDTpq3jpI6Q9wc3LEmBaghu+DdCssd1FakN7Bc0hVNmEyGq1bq3RgfkCb3cmQLpNPOroA==}
    engines: {node: '>=4'}
    dev: true

  /npm-bundled@2.0.1:
    resolution: {integrity: sha512-gZLxXdjEzE/+mOstGDqR6b0EkhJ+kM6fxM6vUuckuctuVPh80Q6pw/rSZj9s4Gex9GxWtIicO1pc8DB9KZWudw==}
    engines: {node: ^12.13.0 || ^14.15.0 || >=16.0.0}
    dependencies:
      npm-normalize-package-bin: 2.0.0
    dev: true

  /npm-normalize-package-bin@2.0.0:
    resolution: {integrity: sha512-awzfKUO7v0FscrSpRoogyNm0sajikhBWpU0QMrW09AMi9n1PoKU6WaIqUzuJSQnpciZZmJ/jMZ2Egfmb/9LiWQ==}
    engines: {node: ^12.13.0 || ^14.15.0 || >=16.0.0}
    dev: true

  /npm-packlist@5.1.3:
    resolution: {integrity: sha512-263/0NGrn32YFYi4J533qzrQ/krmmrWwhKkzwTuM4f/07ug51odoaNjUexxO4vxlzURHcmYMH1QjvHjsNDKLVg==}
    engines: {node: ^12.13.0 || ^14.15.0 || >=16.0.0}
    hasBin: true
    dependencies:
      glob: 8.1.0
      ignore-walk: 5.0.1
      npm-bundled: 2.0.1
      npm-normalize-package-bin: 2.0.0
    dev: true

  /once@1.4.0:
    resolution: {integrity: sha512-lNaJgI+2Q5URQBkccEKHTQOPaXdUxnZZElQTZY0MFUAuaEqe1E+Nyvgdz/aIyNi6Z9MzO5dv1H8n58/GELp3+w==}
    dependencies:
      wrappy: 1.0.2
    dev: true

  /picocolors@1.0.0:
    resolution: {integrity: sha512-1fygroTLlHu66zi26VoTDv8yRgm0Fccecssto+MhsZ0D/DGW2sm8E8AjW7NU5VVTRt5GxbeZ5qBuJr+HyLYkjQ==}
    dev: true

  /publint@0.2.7:
    resolution: {integrity: sha512-tLU4ee3110BxWfAmCZggJmCUnYWgPTr0QLnx08sqpLYa8JHRiOudd+CgzdpfU5x5eOaW2WMkpmOrFshRFYK7Mw==}
    engines: {node: '>=16'}
    hasBin: true
    dependencies:
      npm-packlist: 5.1.3
      picocolors: 1.0.0
      sade: 1.8.1
    dev: true

  /sade@1.8.1:
    resolution: {integrity: sha512-xal3CZX1Xlo/k4ApwCFrHVACi9fBqJ7V+mwhBsuf/1IOKbBy098Fex+Wa/5QMubw09pSZ/u8EY8PWgevJsXp1A==}
    engines: {node: '>=6'}
    dependencies:
      mri: 1.2.0
    dev: true

  /typescript@5.3.3:
    resolution: {integrity: sha512-pXWcraxM0uxAS+tN0AG/BF2TyqmHO014Z070UsJ+pFvYuRSq8KH8DmWpnbXe0pEPDHXZV3FcAbJkijJ5oNEnWw==}
    engines: {node: '>=14.17'}
    hasBin: true
    dev: true

  /undici-types@5.26.5:
    resolution: {integrity: sha512-JlCMO+ehdEIKqlFxk6IfVoAUVmgz7cU7zD/h9XZ0qzeosSHmUJVOzSQvvYSYWXkFXC+IfLKSIffhv0sVZup6pA==}
    dev: true

  /wrappy@1.0.2:
    resolution: {integrity: sha512-l4Sp/DRseor9wL6EvV2+TuQn63dMkPjZ/sp9XkghTEbV9KlPS1xUsZ3u7/IQO4wxtcFB4bgpQPRcR3QCvezPcQ==}
    dev: true
